
Microsoft Visual Studio Solution File, Format Version 12.00
# Visual Studio Version 16
VisualStudioVersion = 16.0.32602.291
MinimumVisualStudioVersion = 10.0.40219.1
Project("{FAE04EC0-301F-11D3-BF4B-00C04F79EFBC}") = "AdditionstotheWordandNumberList", "AdditionstotheWordandNumberList\AdditionstotheWordandNumberList.csproj", "{AC640783-24D0-4C66-841D-59E9E2B2EAB2}"
EndProject
Global
	GlobalSection(SolutionConfigurationPlatforms) = preSolution
		Debug|Any CPU = Debug|Any CPU
		Release|Any CPU = Release|Any CPU
	EndGlobalSection
	GlobalSection(ProjectConfigurationPlatforms) = postSolution
		{AC640783-24D0-4C66-841D-59E9E2B2EAB2}.Debug|Any CPU.ActiveCfg = Debug|Any CPU
		{AC640783-24D0-4C66-841D-59E9E2B2EAB2}.Debug|Any CPU.Build.0 = Debug|Any CPU
		{AC640783-24D0-4C66-841D-59E9E2B2EAB2}.Release|Any CPU.ActiveCfg = Release|Any CPU
		{AC640783-24D0-4C66-841D-59E9E2B2EAB2}.Release|Any CPU.Build.0 = Release|Any CPU
	EndGlobalSection
	GlobalSection(SolutionProperties) = preSolution
		HideSolutionNode = FALSE
	EndGlobalSection
	GlobalSection(ExtensibilityGlobals) = postSolution
		SolutionGuid = {FC50F0A7-DABA-454D-843C-37AAD4B3BBFB}
	EndGlobalSection
EndGlobal
